
Microsoft Visual Studio Solution File, Format Version 11.00
# Visual Studio 2010
Project("{F184B08F-C81C-45F6-A57F-5ABD9991F28F}") = "Class_Registration", "Class_Registration.vbproj", "{FEA9F2D2-8F71-42FC-8EBF-7BCE00A9BA86}"
EndProject
Global
	GlobalSection(SolutionConfigurationPlatforms) = preSolution
		Debug|x86 = Debug|x86
		Release|x86 = Release|x86
	EndGlobalSection
	GlobalSection(ProjectConfigurationPlatforms) = postSolution
		{FEA9F2D2-8F71-42FC-8EBF-7BCE00A9BA86}.Debug|x86.ActiveCfg = Debug|x86
		{FEA9F2D2-8F71-42FC-8EBF-7BCE00A9BA86}.Debug|x86.Build.0 = Debug|x86
		{FEA9F2D2-8F71-42FC-8EBF-7BCE00A9BA86}.Release|x86.ActiveCfg = Release|x86
		{FEA9F2D2-8F71-42FC-8EBF-7BCE00A9BA86}.Release|x86.Build.0 = Release|x86
	EndGlobalSection
	GlobalSection(SolutionProperties) = preSolution
		HideSolutionNode = FALSE
	EndGlobalSection
EndGlobal
